
Microsoft Visual Studio Solution File, Format Version 12.00
# Visual Studio Version 17
VisualStudioVersion = 17.14.36301.6 d17.14
MinimumVisualStudioVersion = 10.0.40219.1
Project("{FAE04EC0-301F-11D3-BF4B-00C04F79EFBC}") = "LinkifyPLL", "LinkifyPLL\LinkifyPLL.csproj", "{B7C7C7FA-B894-4E83-914B-368B3A5CDB45}"
EndProject
Project("{FAE04EC0-301F-11D3-BF4B-00C04F79EFBC}") = "LinkifyBLL", "LinkifyBLL\LinkifyBLL.csproj", "{0D9A67A5-73A5-40A5-BA07-A42A909FC05D}"
EndProject
Project("{FAE04EC0-301F-11D3-BF4B-00C04F79EFBC}") = "LinkifyDAL", "LinkifyDAL\LinkifyDAL.csproj", "{93D2FDEA-1BB4-435F-BF37-8A54073E39DA}"
EndProject
Global
	GlobalSection(SolutionConfigurationPlatforms) = preSolution
		Debug|Any CPU = Debug|Any CPU
		Release|Any CPU = Release|Any CPU
	EndGlobalSection
	GlobalSection(ProjectConfigurationPlatforms) = postSolution
		{B7C7C7FA-B894-4E83-914B-368B3A5CDB45}.Debug|Any CPU.ActiveCfg = Debug|Any CPU
		{B7C7C7FA-B894-4E83-914B-368B3A5CDB45}.Debug|Any CPU.Build.0 = Debug|Any CPU
		{B7C7C7FA-B894-4E83-914B-368B3A5CDB45}.Release|Any CPU.ActiveCfg = Release|Any CPU
		{B7C7C7FA-B894-4E83-914B-368B3A5CDB45}.Release|Any CPU.Build.0 = Release|Any CPU
		{0D9A67A5-73A5-40A5-BA07-A42A909FC05D}.Debug|Any CPU.ActiveCfg = Debug|Any CPU
		{0D9A67A5-73A5-40A5-BA07-A42A909FC05D}.Debug|Any CPU.Build.0 = Debug|Any CPU
		{0D9A67A5-73A5-40A5-BA07-A42A909FC05D}.Release|Any CPU.ActiveCfg = Release|Any CPU
		{0D9A67A5-73A5-40A5-BA07-A42A909FC05D}.Release|Any CPU.Build.0 = Release|Any CPU
		{93D2FDEA-1BB4-435F-BF37-8A54073E39DA}.Debug|Any CPU.ActiveCfg = Debug|Any CPU
		{93D2FDEA-1BB4-435F-BF37-8A54073E39DA}.Debug|Any CPU.Build.0 = Debug|Any CPU
		{93D2FDEA-1BB4-435F-BF37-8A54073E39DA}.Release|Any CPU.ActiveCfg = Release|Any CPU
		{93D2FDEA-1BB4-435F-BF37-8A54073E39DA}.Release|Any CPU.Build.0 = Release|Any CPU
	EndGlobalSection
	GlobalSection(SolutionProperties) = preSolution
		HideSolutionNode = FALSE
	EndGlobalSection
	GlobalSection(ExtensibilityGlobals) = postSolution
		SolutionGuid = {B7B92BD8-B7C0-4CD4-9DE0-BFC13EE772C9}
	EndGlobalSection
EndGlobal
